// !$*UTF8*$!
{
	archiveVersion = 1;
	classes = {
	};
	objectVersion = 48;
	objects = {

/* Begin PBXBuildFile section */
		54882D7A1FBDE815000FBDA8 /* AppDelegate.swift in Sources */ = {isa = PBXBuildFile; fileRef = 54882D791FBDE815000FBDA8 /* AppDelegate.swift */; };
		54882D7C1FBDE815000FBDA8 /* ViewController.swift in Sources */ = {isa = PBXBuildFile; fileRef = 54882D7B1FBDE815000FBDA8 /* ViewController.swift */; };
		54882D7F1FBDE815000FBDA8 /* Main.storyboard in Resources */ = {isa = PBXBuildFile; fileRef = 54882D7D1FBDE815000FBDA8 /* Main.storyboard */; };
		54882D811FBDE815000FBDA8 /* Assets.xcassets in Resources */ = {isa = PBXBuildFile; fileRef = 54882D801FBDE815000FBDA8 /* Assets.xcassets */; };
		54882D841FBDE815000FBDA8 /* LaunchScreen.storyboard in Resources */ = {isa = PBXBuildFile; fileRef = 54882D821FBDE815000FBDA8 /* LaunchScreen.storyboard */; };
		54882D8C1FBDE859000FBDA8 /* gameofthronesinfo.json in Resources */ = {isa = PBXBuildFile; fileRef = 54882D8B1FBDE859000FBDA8 /* gameofthronesinfo.json */; };
		54882D8E1FBDEABC000FBDA8 /* GOTEpisode.swift in Sources */ = {isa = PBXBuildFile; fileRef = 54882D8D1FBDEABC000FBDA8 /* GOTEpisode.swift */; };
/* End PBXBuildFile section */

/* Begin PBXFileReference section */
		54882D761FBDE815000FBDA8 /* ParsingJSONGOT-Downcasting.app */ = {isa = PBXFileReference; explicitFileType = wrapper.application; includeInIndex = 0; path = "ParsingJSONGOT-Downcasting.app"; sourceTree = BUILT_PRODUCTS_DIR; };
		54882D791FBDE815000FBDA8 /* AppDelegate.swift */ = {isa = PBXFileReference; lastKnownFileType = sourcecode.swift; path = AppDelegate.swift; sourceTree = "<group>"; };
		54882D7B1FBDE815000FBDA8 /* ViewController.swift */ = {isa = PBXFileReference; lastKnownFileType = sourcecode.swift; path = ViewController.swift; sourceTree = "<group>"; };
		54882D7E1FBDE815000FBDA8 /* Base */ = {isa = PBXFileReference; lastKnownFileType = file.storyboard; name = Base; path = Base.lproj/Main.storyboard; sourceTree = "<group>"; };
		54882D801FBDE815000FBDA8 /* Assets.xcassets */ = {isa = PBXFileReference; lastKnownFileType = folder.assetcatalog; path = Assets.xcassets; sourceTree = "<group>"; };
		54882D831FBDE815000FBDA8 /* Base */ = {isa = PBXFileReference; lastKnownFileType = file.storyboard; name = Base; path = Base.lproj/LaunchScreen.storyboard; sourceTree = "<group>"; };
		54882D851FBDE815000FBDA8 /* Info.plist */ = {isa = PBXFileReference; lastKnownFileType = text.plist.xml; path = Info.plist; sourceTree = "<group>"; };
		54882D8B1FBDE859000FBDA8 /* gameofthronesinfo.json */ = {isa = PBXFileReference; lastKnownFileType = text.json; path = gameofthronesinfo.json; sourceTree = "<group>"; };
		54882D8D1FBDEABC000FBDA8 /* GOTEpisode.swift */ = {isa = PBXFileReference; lastKnownFileType = sourcecode.swift; path = GOTEpisode.swift; sourceTree = "<group>"; };
/* End PBXFileReference section */

/* Begin PBXFrameworksBuildPhase section */
		54882D731FBDE815000FBDA8 /* Frameworks */ = {
			isa = PBXFrameworksBuildPhase;
			buildActionMask = 2147483647;
			files = (
			);
			runOnlyForDeploymentPostprocessing = 0;
		};
/* End PBXFrameworksBuildPhase section */

/* Begin PBXGroup section */
		54882D6D1FBDE815000FBDA8 = {
			isa = PBXGroup;
			children = (
				54882D8B1FBDE859000FBDA8 /* gameofthronesinfo.json */,
				54882D781FBDE815000FBDA8 /* ParsingJSONGOT-Downcasting */,
				54882D771FBDE815000FBDA8 /* Products */,
			);
			sourceTree = "<group>";
		};
		54882D771FBDE815000FBDA8 /* Products */ = {
			isa = PBXGroup;
			children = (
				54882D761FBDE815000FBDA8 /* ParsingJSONGOT-Downcasting.app */,
			);
			name = Products;
			sourceTree = "<group>";
		};
		54882D781FBDE815000FBDA8 /* ParsingJSONGOT-Downcasting */ = {
			isa = PBXGroup;
			children = (
				54882D791FBDE815000FBDA8 /* AppDelegate.swift */,
				54882D7B1FBDE815000FBDA8 /* ViewController.swift */,
				54882D8D1FBDEABC000FBDA8 /* GOTEpisode.swift */,
				54882D7D1FBDE815000FBDA8 /* Main.storyboard */,
				54882D801FBDE815000FBDA8 /* Assets.xcassets */,
				54882D821FBDE815000FBDA8 /* LaunchScreen.storyboard */,
				54882D851FBDE815000FBDA8 /* Info.plist */,
			);
			path = "ParsingJSONGOT-Downcasting";
			sourceTree = "<group>";
		};
/* End PBXGroup section */

/* Begin PBXNativeTarget section */
		54882D751FBDE815000FBDA8 /* ParsingJSONGOT-Downcasting */ = {
			isa = PBXNativeTarget;
			buildConfigurationList = 54882D881FBDE815000FBDA8 /* Build configuration list for PBXNativeTarget "ParsingJSONGOT-Downcasting" */;
			buildPhases = (
				54882D721FBDE815000FBDA8 /* Sources */,
				54882D731FBDE815000FBDA8 /* Frameworks */,
				54882D741FBDE815000FBDA8 /* Resources */,
			);
			buildRules = (
			);
			dependencies = (
			);
			name = "ParsingJSONGOT-Downcasting";
			productName = "ParsingJSONGOT-Downcasting";
			productReference = 54882D761FBDE815000FBDA8 /* ParsingJSONGOT-Downcasting.app */;
			productType = "com.apple.product-type.application";
		};
/* End PBXNativeTarget section */

/* Begin PBXProject section */
		54882D6E1FBDE815000FBDA8 /* Project object */ = {
			isa = PBXProject;
			attributes = {
				LastSwiftUpdateCheck = 0900;
				LastUpgradeCheck = 0900;
				ORGANIZATIONNAME = "C4Q ";
				TargetAttributes = {
					54882D751FBDE815000FBDA8 = {
						CreatedOnToolsVersion = 9.0;
						ProvisioningStyle = Automatic;
					};
				};
			};
			buildConfigurationList = 54882D711FBDE815000FBDA8 /* Build configuration list for PBXProject "ParsingJSONGOT-Downcasting" */;
			compatibilityVersion = "Xcode 8.0";
			developmentRegion = en;
			hasScannedForEncodings = 0;
			knownRegions = (
				en,
				Base,
			);
			mainGroup = 54882D6D1FBDE815000FBDA8;
			productRefGroup = 54882D771FBDE815000FBDA8 /* Products */;
			projectDirPath = "";
			projectRoot = "";
			targets = (
				54882D751FBDE815000FBDA8 /* ParsingJSONGOT-Downcasting */,
			);
		};
/* End PBXProject section */

/* Begin PBXResourcesBuildPhase section */
		54882D741FBDE815000FBDA8 /* Resources */ = {
			isa = PBXResourcesBuildPhase;
			buildActionMask = 2147483647;
			files = (
				54882D8C1FBDE859000FBDA8 /* gameofthronesinfo.json in Resources */,
				54882D841FBDE815000FBDA8 /* LaunchScreen.storyboard in Resources */,
				54882D811FBDE815000FBDA8 /* Assets.xcassets in Resources */,
				54882D7F1FBDE815000FBDA8 /* Main.storyboard in Resources */,
			);
			runOnlyForDeploymentPostprocessing = 0;
		};
/* End PBXResourcesBuildPhase section */

/* Begin PBXSourcesBuildPhase section */
		54882D721FBDE815000FBDA8 /* Sources */ = {
			isa = PBXSourcesBuildPhase;
			buildActionMask = 2147483647;
			files = (
				54882D7C1FBDE815000FBDA8 /* ViewController.swift in Sources */,
				54882D7A1FBDE815000FBDA8 /* AppDelegate.swift in Sources */,
				54882D8E1FBDEABC000FBDA8 /* GOTEpisode.swift in Sources */,
			);
			runOnlyForDeploymentPostprocessing = 0;
		};
/* End PBXSourcesBuildPhase section */

/* Begin PBXVariantGroup section */
		54882D7D1FBDE815000FBDA8 /* Main.storyboard */ = {
			isa = PBXVariantGroup;
			children = (
				54882D7E1FBDE815000FBDA8 /* Base */,
			);
			name = Main.storyboard;
			sourceTree = "<group>";
		};
		54882D821FBDE815000FBDA8 /* LaunchScreen.storyboard */ = {
			isa = PBXVariantGroup;
			children = (
				54882D831FBDE815000FBDA8 /* Base */,
			);
			name = LaunchScreen.storyboard;
			sourceTree = "<group>";
		};
/* End PBXVariantGroup section */

/* Begin XCBuildConfiguration section */
		54882D861FBDE815000FBDA8 /* Debug */ = {
			isa = XCBuildConfiguration;
			buildSettings = {
				ALWAYS_SEARCH_USER_PATHS = NO;
				CLANG_ANALYZER_NONNULL = YES;
				CLANG_ANALYZER_NUMBER_OBJECT_CONVERSION = YES_AGGRESSIVE;
				CLANG_CXX_LANGUAGE_STANDARD = "gnu++14";
				CLANG_CXX_LIBRARY = "libc++";
				CLANG_ENABLE_MODULES = YES;
				CLANG_ENABLE_OBJC_ARC = YES;
				CLANG_WARN_BLOCK_CAPTURE_AUTORELEASING = YES;
				CLANG_WARN_BOOL_CONVERSION = YES;
				CLANG_WARN_COMMA = YES;
				CLANG_WARN_CONSTANT_CONVERSION = YES;
				CLANG_WARN_DIRECT_OBJC_ISA_USAGE = YES_ERROR;
				CLANG_WARN_DOCUMENTATION_COMMENTS = YES;
				CLANG_WARN_EMPTY_BODY = YES;
				CLANG_WARN_ENUM_CONVERSION = YES;
				CLANG_WARN_INFINITE_RECURSION = YES;
				CLANG_WARN_INT_CONVERSION = YES;
				CLANG_WARN_NON_LITERAL_NULL_CONVERSION = YES;
				CLANG_WARN_OBJC_LITERAL_CONVERSION = YES;
				CLANG_WARN_OBJC_ROOT_CLASS = YES_ERROR;
				CLANG_WARN_RANGE_LOOP_ANALYSIS = YES;
				CLANG_WARN_STRICT_PROTOTYPES = YES;
				CLANG_WARN_SUSPICIOUS_MOVE = YES;
				CLANG_WARN_UNGUARDED_AVAILABILITY = YES_AGGRESSIVE;
				CLANG_WARN_UNREACHABLE_CODE = YES;
				CLANG_WARN__DUPLICATE_METHOD_MATCH = YES;
				CODE_SIGN_IDENTITY = "iPhone Developer";
				COPY_PHASE_STRIP = NO;
				DEBUG_INFORMATION_FORMAT = dwarf;
				ENABLE_STRICT_OBJC_MSGSEND = YES;
				ENABLE_TESTABILITY = YES;
				GCC_C_LANGUAGE_STANDARD = gnu11;
				GCC_DYNAMIC_NO_PIC = NO;
				GCC_NO_COMMON_BLOCKS = YES;
				GCC_OPTIMIZATION_LEVEL = 0;
				GCC_PREPROCESSOR_DEFINITIONS = (
					"DEBUG=1",
					"$(inherited)",
				);
				GCC_WARN_64_TO_32_BIT_CONVERSION = YES;
				GCC_WARN_ABOUT_RETURN_TYPE = YES_ERROR;
				GCC_WARN_UNDECLARED_SELECTOR = YES;
				GCC_WARN_UNINITIALIZED_AUTOS = YES_AGGRESSIVE;
				GCC_WARN_UNUSED_FUNCTION = YES;
				GCC_WARN_UNUSED_VARIABLE = YES;
				IPHONEOS_DEPLOYMENT_TARGET = 11.0;
				MTL_ENABLE_DEBUG_INFO = YES;
				ONLY_ACTIVE_ARCH = YES;
				SDKROOT = iphoneos;
				SWIFT_ACTIVE_COMPILATION_CONDITIONS = DEBUG;
				SWIFT_OPTIMIZATION_LEVEL = "-Onone";
			};
			name = Debug;
		};
		54882D871FBDE815000FBDA8 /* Release */ = {
			isa = XCBuildConfiguration;
			buildSettings = {
				ALWAYS_SEARCH_USER_PATHS = NO;
				CLANG_ANALYZER_NONNULL = YES;
				CLANG_ANALYZER_NUMBER_OBJECT_CONVERSION = YES_AGGRESSIVE;
				CLANG_CXX_LANGUAGE_STANDARD = "gnu++14";
				CLANG_CXX_LIBRARY = "libc++";
				CLANG_ENABLE_MODULES = YES;
				CLANG_ENABLE_OBJC_ARC = YES;
				CLANG_WARN_BLOCK_CAPTURE_AUTORELEASING = YES;
				CLANG_WARN_BOOL_CONVERSION = YES;
				CLANG_WARN_COMMA = YES;
				CLANG_WARN_CONSTANT_CONVERSION = YES;
				CLANG_WARN_DIRECT_OBJC_ISA_USAGE = YES_ERROR;
				CLANG_WARN_DOCUMENTATION_COMMENTS = YES;
				CLANG_WARN_EMPTY_BODY = YES;
				CLANG_WARN_ENUM_CONVERSION = YES;
				CLANG_WARN_INFINITE_RECURSION = YES;
				CLANG_WARN_INT_CONVERSION = YES;
				CLANG_WARN_NON_LITERAL_NULL_CONVERSION = YES;
				CLANG_WARN_OBJC_LITERAL_CONVERSION = YES;
				CLANG_WARN_OBJC_ROOT_CLASS = YES_ERROR;
				CLANG_WARN_RANGE_LOOP_ANALYSIS = YES;
				CLANG_WARN_STRICT_PROTOTYPES = YES;
				CLANG_WARN_SUSPICIOUS_MOVE = YES;
				CLANG_WARN_UNGUARDED_AVAILABILITY = YES_AGGRESSIVE;
				CLANG_WARN_UNREACHABLE_CODE = YES;
				CLANG_WARN__DUPLICATE_METHOD_MATCH = YES;
				CODE_SIGN_IDENTITY = "iPhone Developer";
				COPY_PHASE_STRIP = NO;
				DEBUG_INFORMATION_FORMAT = "dwarf-with-dsym";
				ENABLE_NS_ASSERTIONS = NO;
				ENABLE_STRICT_OBJC_MSGSEND = YES;
				GCC_C_LANGUAGE_STANDARD = gnu11;
				GCC_NO_COMMON_BLOCKS = YES;
				GCC_WARN_64_TO_32_BIT_CONVERSION = YES;
				GCC_WARN_ABOUT_RETURN_TYPE = YES_ERROR;
				GCC_WARN_UNDECLARED_SELECTOR = YES;
				GCC_WARN_UNINITIALIZED_AUTOS = YES_AGGRESSIVE;
				GCC_WARN_UNUSED_FUNCTION = YES;
				GCC_WARN_UNUSED_VARIABLE = YES;
				IPHONEOS_DEPLOYMENT_TARGET = 11.0;
				MTL_ENABLE_DEBUG_INFO = NO;
				SDKROOT = iphoneos;
				SWIFT_OPTIMIZATION_LEVEL = "-Owholemodule";
				VALIDATE_PRODUCT = YES;
			};
			name = Release;
		};
		54882D891FBDE815000FBDA8 /* Debug */ = {
			isa = XCBuildConfiguration;
			buildSettings = {
				ASSETCATALOG_COMPILER_APPICON_NAME = AppIcon;
				CODE_SIGN_STYLE = Automatic;
				INFOPLIST_FILE = "ParsingJSONGOT-Downcasting/Info.plist";
				LD_RUNPATH_SEARCH_PATHS = "$(inherited) @executable_path/Frameworks";
				PRODUCT_BUNDLE_IDENTIFIER = "c4q.ParsingJSONGOT-Downcasting";
				PRODUCT_NAME = "$(TARGET_NAME)";
				SWIFT_VERSION = 4.0;
				TARGETED_DEVICE_FAMILY = "1,2";
			};
			name = Debug;
		};
		54882D8A1FBDE815000FBDA8 /* Release */ = {
			isa = XCBuildConfiguration;
			buildSettings = {
				ASSETCATALOG_COMPILER_APPICON_NAME = AppIcon;
				CODE_SIGN_STYLE = Automatic;
				INFOPLIST_FILE = "ParsingJSONGOT-Downcasting/Info.plist";
				LD_RUNPATH_SEARCH_PATHS = "$(inherited) @executable_path/Frameworks";
				PRODUCT_BUNDLE_IDENTIFIER = "c4q.ParsingJSONGOT-Downcasting";
				PRODUCT_NAME = "$(TARGET_NAME)";
				SWIFT_VERSION = 4.0;
				TARGETED_DEVICE_FAMILY = "1,2";
			};
			name = Release;
		};
/* End XCBuildConfiguration section */

/* Begin XCConfigurationList section */
		54882D711FBDE815000FBDA8 /* Build configuration list for PBXProject "ParsingJSONGOT-Downcasting" */ = {
			isa = XCConfigurationList;
			buildConfigurations = (
				54882D861FBDE815000FBDA8 /* Debug */,
				54882D871FBDE815000FBDA8 /* Release */,
			);
			defaultConfigurationIsVisible = 0;
			defaultConfigurationName = Release;
		};
		54882D881FBDE815000FBDA8 /* Build configuration list for PBXNativeTarget "ParsingJSONGOT-Downcasting" */ = {
			isa = XCConfigurationList;
			buildConfigurations = (
				54882D891FBDE815000FBDA8 /* Debug */,
				54882D8A1FBDE815000FBDA8 /* Release */,
			);
			defaultConfigurationIsVisible = 0;
			defaultConfigurationName = Release;
		};
/* End XCConfigurationList section */
	};
	rootObject = 54882D6E1FBDE815000FBDA8 /* Project object */;
}
